version = 1
revision = 3
requires-python = ">=3.12, <3.14"

[[package]]
name = "dearpygui"
version = "2.2"
source = { registry = "https://pypi.org/simple" }
wheels = [
    { url = "https://files.pythonhosted.org/packages/17/c8/b4afdac89c7bf458513366af3143f7383d7b09721637989c95788d93e24c/dearpygui-2.2-cp312-cp312-macosx_13_0_arm64.whl", hash = "sha256:34ceae1ca1b65444e49012d6851312e44f08713da1b8cc0150cf41f1c207af9c", size = 1931443, upload-time = "2026-02-17T14:21:54.394Z" },
    { url = "https://files.pythonhosted.org/packages/43/93/a2d083b2e0edb095be815662cc41e40cf9ea7b65d6323e47bb30df7eb284/dearpygui-2.2-cp312-cp312-manylinux1_x86_64.whl", hash = "sha256:e1fae9ae59fec0e41773df64c80311a6ba67696219dde5506a2a4c013e8bcdfa", size = 2592645, upload-time = "2026-02-17T14:22:02.869Z" },
    { url = "https://files.pythonhosted.org/packages/80/ba/eae13acaad479f522db853e8b1ccd695a7bc8da2b9685c1d70a3b318df89/dearpygui-2.2-cp312-cp312-win_amd64.whl", hash = "sha256:7d399543b5a26ab6426ef3bbd776e55520b491b3e169647bde5e6b2de3701b35", size = 1830531, upload-time = "2026-02-17T14:21:43.386Z" },
    { url = "https://files.pythonhosted.org/packages/18/ab/eb8070ca8fd881d4a9ac49fca5fb7b54ce66cc2742afa38e59d72b2c2dec/dearpygui-2.2-cp313-cp313-macosx_13_0_arm64.whl", hash = "sha256:084c309c56d3e05fcf75eef872df6df97f5e3e19da5ecad393a57cf7a5e56294", size = 1931423, upload-time = "2026-02-17T14:21:56.397Z" },
    { url = "https://files.pythonhosted.org/packages/bc/03/5988d5f4cf3ddc7c3d886623bb904b76c5f5f628a0256ac53d848df33cf7/dearpygui-2.2-cp313-cp313-manylinux1_x86_64.whl", hash = "sha256:05d8c18a0134d72f680e333c80ccab264351170293f86a05f5a0e14222992f27", size = 2592542, upload-time = "2026-02-17T14:22:03.949Z" },
    { url = "https://files.pythonhosted.org/packages/6e/5a/573df5f7277a13b5044daa9a27797fbd4e766da03cab6462a151b557727c/dearpygui-2.2-cp313-cp313-win_amd64.whl", hash = "sha256:500087e88d61b4ef0c841f30b12a05f5128774db3883fde7ff7c6172f03f6d79", size = 1830558, upload-time = "2026-02-17T14:21:44.551Z" },
]

[[package]]
name = "podterm"
version = "2.0.0"
source = { editable = "." }
dependencies = [
    { name = "dearpygui" },
]

[package.metadata]
requires-dist = [{ name = "dearpygui", specifier = ">=2.0" }]
